
Microsoft Visual Studio Solution File, Format Version 12.00
# Visual Studio Version 17
VisualStudioVersion = 17.3.32901.215
MinimumVisualStudioVersion = 10.0.40219.1
Project("{9A19103F-16F7-4668-BE54-9A1E7A4F7556}") = "Calculator", "Calculator\Calculator.csproj", "{B036D0FE-59A1-43BC-B209-0A2CB85F012E}"
EndProject
Project("{FAE04EC0-301F-11D3-BF4B-00C04F79EFBC}") = "CalculatorTest", "CalculatorTest\CalculatorTest.csproj", "{A84C8192-520E-4F23-9054-5B62754BF007}"
EndProject
Global
	GlobalSection(SolutionConfigurationPlatforms) = preSolution
		Debug|Any CPU = Debug|Any CPU
		Release|Any CPU = Release|Any CPU
	EndGlobalSection
	GlobalSection(ProjectConfigurationPlatforms) = postSolution
		{B036D0FE-59A1-43BC-B209-0A2CB85F012E}.Debug|Any CPU.ActiveCfg = Debug|Any CPU
		{B036D0FE-59A1-43BC-B209-0A2CB85F012E}.Debug|Any CPU.Build.0 = Debug|Any CPU
		{B036D0FE-59A1-43BC-B209-0A2CB85F012E}.Release|Any CPU.ActiveCfg = Release|Any CPU
		{B036D0FE-59A1-43BC-B209-0A2CB85F012E}.Release|Any CPU.Build.0 = Release|Any CPU
		{A84C8192-520E-4F23-9054-5B62754BF007}.Debug|Any CPU.ActiveCfg = Debug|Any CPU
		{A84C8192-520E-4F23-9054-5B62754BF007}.Debug|Any CPU.Build.0 = Debug|Any CPU
		{A84C8192-520E-4F23-9054-5B62754BF007}.Release|Any CPU.ActiveCfg = Release|Any CPU
		{A84C8192-520E-4F23-9054-5B62754BF007}.Release|Any CPU.Build.0 = Release|Any CPU
	EndGlobalSection
	GlobalSection(SolutionProperties) = preSolution
		HideSolutionNode = FALSE
	EndGlobalSection
	GlobalSection(ExtensibilityGlobals) = postSolution
		SolutionGuid = {3480C196-E61B-4DA4-8EDE-FD2078B727AD}
	EndGlobalSection
EndGlobal
